
Microsoft Visual Studio Solution File, Format Version 12.00
# Visual Studio 15
VisualStudioVersion = 15.0.28010.2026
MinimumVisualStudioVersion = 10.0.40219.1
Project("{9A19103F-16F7-4668-BE54-9A1E7A4F7556}") = "SelfKey.Login.Service", "SelfKey.Login.Service\SelfKey.Login.Service.csproj", "{1132A27A-EB9A-41FB-BEBB-A4BC9B7A0E27}"
EndProject
Project("{2150E333-8FDC-42A3-9474-1A3956D46DE8}") = "Solution Items", "Solution Items", "{342A0B80-9524-459E-864C-6B92C3F80A7C}"
	ProjectSection(SolutionItems) = preProject
		User.example.json = User.example.json
	EndProjectSection
EndProject
Project("{9A19103F-16F7-4668-BE54-9A1E7A4F7556}") = "SelfKey.Login.Client", "SelfKey.Login.Client\SelfKey.Login.Client.csproj", "{3DC27196-702C-4DF2-81D6-8D0BA0B95CB5}"
EndProject
Global
	GlobalSection(SolutionConfigurationPlatforms) = preSolution
		Debug|Any CPU = Debug|Any CPU
		Release|Any CPU = Release|Any CPU
	EndGlobalSection
	GlobalSection(ProjectConfigurationPlatforms) = postSolution
		{1132A27A-EB9A-41FB-BEBB-A4BC9B7A0E27}.Debug|Any CPU.ActiveCfg = Debug|Any CPU
		{1132A27A-EB9A-41FB-BEBB-A4BC9B7A0E27}.Debug|Any CPU.Build.0 = Debug|Any CPU
		{1132A27A-EB9A-41FB-BEBB-A4BC9B7A0E27}.Release|Any CPU.ActiveCfg = Release|Any CPU
		{1132A27A-EB9A-41FB-BEBB-A4BC9B7A0E27}.Release|Any CPU.Build.0 = Release|Any CPU
		{3DC27196-702C-4DF2-81D6-8D0BA0B95CB5}.Debug|Any CPU.ActiveCfg = Debug|Any CPU
		{3DC27196-702C-4DF2-81D6-8D0BA0B95CB5}.Debug|Any CPU.Build.0 = Debug|Any CPU
		{3DC27196-702C-4DF2-81D6-8D0BA0B95CB5}.Release|Any CPU.ActiveCfg = Release|Any CPU
		{3DC27196-702C-4DF2-81D6-8D0BA0B95CB5}.Release|Any CPU.Build.0 = Release|Any CPU
	EndGlobalSection
	GlobalSection(SolutionProperties) = preSolution
		HideSolutionNode = FALSE
	EndGlobalSection
	GlobalSection(ExtensibilityGlobals) = postSolution
		SolutionGuid = {BDC107AA-CD76-4F52-AB46-906885984604}
	EndGlobalSection
EndGlobal
